
Microsoft Visual Studio Solution File, Format Version 12.00
# Visual Studio Version 17
VisualStudioVersion = 17.14.36221.1 d17.14
MinimumVisualStudioVersion = 10.0.40219.1
Project("{FAE04EC0-301F-11D3-BF4B-00C04F79EFBC}") = "work_event", "work_event\work_event.csproj", "{BC3C8253-850E-420A-B84C-E4D28E3AC72E}"
EndProject
Global
	GlobalSection(SolutionConfigurationPlatforms) = preSolution
		Debug|Any CPU = Debug|Any CPU
		Release|Any CPU = Release|Any CPU
	EndGlobalSection
	GlobalSection(ProjectConfigurationPlatforms) = postSolution
		{BC3C8253-850E-420A-B84C-E4D28E3AC72E}.Debug|Any CPU.ActiveCfg = Debug|Any CPU
		{BC3C8253-850E-420A-B84C-E4D28E3AC72E}.Debug|Any CPU.Build.0 = Debug|Any CPU
		{BC3C8253-850E-420A-B84C-E4D28E3AC72E}.Release|Any CPU.ActiveCfg = Release|Any CPU
		{BC3C8253-850E-420A-B84C-E4D28E3AC72E}.Release|Any CPU.Build.0 = Release|Any CPU
	EndGlobalSection
	GlobalSection(SolutionProperties) = preSolution
		HideSolutionNode = FALSE
	EndGlobalSection
	GlobalSection(ExtensibilityGlobals) = postSolution
		SolutionGuid = {ABD60A6B-D49E-48D0-94BB-2B2ECC3A742B}
	EndGlobalSection
EndGlobal
